
Microsoft Visual Studio Solution File, Format Version 12.00
# Visual Studio Version 16
VisualStudioVersion = 16.0.30225.117
MinimumVisualStudioVersion = 10.0.40219.1
Project("{FAE04EC0-301F-11D3-BF4B-00C04F79EFBC}") = "3PR_Lab_6", "3PR_Lab_6\3PR_Lab_6.csproj", "{967303F4-811F-4AB1-A717-43EC086BADBE}"
EndProject
Global
	GlobalSection(SolutionConfigurationPlatforms) = preSolution
		Debug|Any CPU = Debug|Any CPU
		Release|Any CPU = Release|Any CPU
	EndGlobalSection
	GlobalSection(ProjectConfigurationPlatforms) = postSolution
		{967303F4-811F-4AB1-A717-43EC086BADBE}.Debug|Any CPU.ActiveCfg = Debug|Any CPU
		{967303F4-811F-4AB1-A717-43EC086BADBE}.Debug|Any CPU.Build.0 = Debug|Any CPU
		{967303F4-811F-4AB1-A717-43EC086BADBE}.Release|Any CPU.ActiveCfg = Release|Any CPU
		{967303F4-811F-4AB1-A717-43EC086BADBE}.Release|Any CPU.Build.0 = Release|Any CPU
	EndGlobalSection
	GlobalSection(SolutionProperties) = preSolution
		HideSolutionNode = FALSE
	EndGlobalSection
	GlobalSection(ExtensibilityGlobals) = postSolution
		SolutionGuid = {2AD4427A-CB17-4D5B-80C3-C296924EA48B}
	EndGlobalSection
EndGlobal
